
Microsoft Visual Studio Solution File, Format Version 12.00
Project("{FAE04EC0-301F-11D3-BF4B-00C04F79EFBC}") = "Meowijuana.lol - ButtonAPI", "Meowijuana.lol - ButtonAPI.csproj", "{F86002E6-5FFD-4F01-A2B6-60F827876843}"
EndProject
Global
	GlobalSection(SolutionConfigurationPlatforms) = preSolution
		Debug|Any CPU = Debug|Any CPU
		Release|Any CPU = Release|Any CPU
	EndGlobalSection
	GlobalSection(ProjectConfigurationPlatforms) = postSolution
		{F86002E6-5FFD-4F01-A2B6-60F827876843}.Debug|Any CPU.ActiveCfg = Debug|Any CPU
		{F86002E6-5FFD-4F01-A2B6-60F827876843}.Debug|Any CPU.Build.0 = Debug|Any CPU
		{F86002E6-5FFD-4F01-A2B6-60F827876843}.Release|Any CPU.ActiveCfg = Release|Any CPU
		{F86002E6-5FFD-4F01-A2B6-60F827876843}.Release|Any CPU.Build.0 = Release|Any CPU
	EndGlobalSection
EndGlobal
